
Microsoft Visual Studio Solution File, Format Version 12.00
# Visual Studio 15
VisualStudioVersion = 15.0.27428.2043
MinimumVisualStudioVersion = 10.0.40219.1
Project("{2150E333-8FDC-42A3-9474-1A3956D46DE8}") = "Src", "Src", "{1532629B-1CE3-49EA-A327-6A9CBE258493}"
EndProject
Project("{2150E333-8FDC-42A3-9474-1A3956D46DE8}") = "API", "API", "{D1144621-C6A5-456B-9303-BEC80FE729D5}"
EndProject
Project("{2150E333-8FDC-42A3-9474-1A3956D46DE8}") = "Core", "Core", "{18BCD1CA-F0A6-4611-B744-6449E73D522F}"
EndProject
Project("{FAE04EC0-301F-11D3-BF4B-00C04F79EFBC}") = "SampleWPF", "Src\SampleWPF\SampleWPF.csproj", "{847408FB-4AF5-495D-A599-F1650843F50D}"
EndProject
Project("{9A19103F-16F7-4668-BE54-9A1E7A4F7556}") = "Constants", "Src\Constants\Constants.csproj", "{D685555F-2387-44AA-8EDA-53879FAC538F}"
EndProject
Project("{9A19103F-16F7-4668-BE54-9A1E7A4F7556}") = "MvcCoreHybrid", "Src\Core\MvcCoreHybrid\MvcCoreHybrid.csproj", "{23120DFE-68E8-47C5-AE0F-5E2CFD195FC2}"
EndProject
Project("{9A19103F-16F7-4668-BE54-9A1E7A4F7556}") = "MvcCoreImplicit", "Src\Core\MvcCoreImplicit\MvcCoreImplicit.csproj", "{ED2179D7-E095-49E1-9FFA-10196E4AE4E9}"
EndProject
Project("{9A19103F-16F7-4668-BE54-9A1E7A4F7556}") = "SampleAPI", "Src\API\SampleAPI\SampleAPI.csproj", "{D5332F4B-DBF3-486D-93FC-D55122F5D448}"
EndProject
Project("{9A19103F-16F7-4668-BE54-9A1E7A4F7556}") = "MvcCoreHybridBackChannel", "Src\Core\MvcCoreHybridBackChannel\MvcCoreHybridBackChannel.csproj", "{BBD63D3F-D68C-46C5-810E-271EAA1EB56B}"
EndProject
Project("{9A19103F-16F7-4668-BE54-9A1E7A4F7556}") = "JsOAuth2", "Src\Core\JsOAuth2\JsOAuth2.csproj", "{96F7B74E-4627-4CA6-921E-5033C321275B}"
EndProject
Project("{FAE04EC0-301F-11D3-BF4B-00C04F79EFBC}") = "JsOidc", "Src\Core\JsOidc\JsOidc.csproj", "{B7CAAB98-7CCB-456B-B967-7174E9882348}"
EndProject
Global
	GlobalSection(SolutionConfigurationPlatforms) = preSolution
		Debug|Any CPU = Debug|Any CPU
		Release|Any CPU = Release|Any CPU
	EndGlobalSection
	GlobalSection(ProjectConfigurationPlatforms) = postSolution
		{847408FB-4AF5-495D-A599-F1650843F50D}.Debug|Any CPU.ActiveCfg = Debug|Any CPU
		{847408FB-4AF5-495D-A599-F1650843F50D}.Debug|Any CPU.Build.0 = Debug|Any CPU
		{847408FB-4AF5-495D-A599-F1650843F50D}.Release|Any CPU.ActiveCfg = Release|Any CPU
		{847408FB-4AF5-495D-A599-F1650843F50D}.Release|Any CPU.Build.0 = Release|Any CPU
		{D685555F-2387-44AA-8EDA-53879FAC538F}.Debug|Any CPU.ActiveCfg = Debug|Any CPU
		{D685555F-2387-44AA-8EDA-53879FAC538F}.Debug|Any CPU.Build.0 = Debug|Any CPU
		{D685555F-2387-44AA-8EDA-53879FAC538F}.Release|Any CPU.ActiveCfg = Release|Any CPU
		{D685555F-2387-44AA-8EDA-53879FAC538F}.Release|Any CPU.Build.0 = Release|Any CPU
		{23120DFE-68E8-47C5-AE0F-5E2CFD195FC2}.Debug|Any CPU.ActiveCfg = Debug|Any CPU
		{23120DFE-68E8-47C5-AE0F-5E2CFD195FC2}.Debug|Any CPU.Build.0 = Debug|Any CPU
		{23120DFE-68E8-47C5-AE0F-5E2CFD195FC2}.Release|Any CPU.ActiveCfg = Release|Any CPU
		{23120DFE-68E8-47C5-AE0F-5E2CFD195FC2}.Release|Any CPU.Build.0 = Release|Any CPU
		{ED2179D7-E095-49E1-9FFA-10196E4AE4E9}.Debug|Any CPU.ActiveCfg = Debug|Any CPU
		{ED2179D7-E095-49E1-9FFA-10196E4AE4E9}.Debug|Any CPU.Build.0 = Debug|Any CPU
		{ED2179D7-E095-49E1-9FFA-10196E4AE4E9}.Release|Any CPU.ActiveCfg = Release|Any CPU
		{ED2179D7-E095-49E1-9FFA-10196E4AE4E9}.Release|Any CPU.Build.0 = Release|Any CPU
		{D5332F4B-DBF3-486D-93FC-D55122F5D448}.Debug|Any CPU.ActiveCfg = Debug|Any CPU
		{D5332F4B-DBF3-486D-93FC-D55122F5D448}.Debug|Any CPU.Build.0 = Debug|Any CPU
		{D5332F4B-DBF3-486D-93FC-D55122F5D448}.Release|Any CPU.ActiveCfg = Release|Any CPU
		{D5332F4B-DBF3-486D-93FC-D55122F5D448}.Release|Any CPU.Build.0 = Release|Any CPU
		{BBD63D3F-D68C-46C5-810E-271EAA1EB56B}.Debug|Any CPU.ActiveCfg = Debug|Any CPU
		{BBD63D3F-D68C-46C5-810E-271EAA1EB56B}.Debug|Any CPU.Build.0 = Debug|Any CPU
		{BBD63D3F-D68C-46C5-810E-271EAA1EB56B}.Release|Any CPU.ActiveCfg = Release|Any CPU
		{BBD63D3F-D68C-46C5-810E-271EAA1EB56B}.Release|Any CPU.Build.0 = Release|Any CPU
		{96F7B74E-4627-4CA6-921E-5033C321275B}.Debug|Any CPU.ActiveCfg = Debug|Any CPU
		{96F7B74E-4627-4CA6-921E-5033C321275B}.Debug|Any CPU.Build.0 = Debug|Any CPU
		{96F7B74E-4627-4CA6-921E-5033C321275B}.Release|Any CPU.ActiveCfg = Release|Any CPU
		{96F7B74E-4627-4CA6-921E-5033C321275B}.Release|Any CPU.Build.0 = Release|Any CPU
		{B7CAAB98-7CCB-456B-B967-7174E9882348}.Debug|Any CPU.ActiveCfg = Debug|Any CPU
		{B7CAAB98-7CCB-456B-B967-7174E9882348}.Debug|Any CPU.Build.0 = Debug|Any CPU
		{B7CAAB98-7CCB-456B-B967-7174E9882348}.Release|Any CPU.ActiveCfg = Release|Any CPU
		{B7CAAB98-7CCB-456B-B967-7174E9882348}.Release|Any CPU.Build.0 = Release|Any CPU
	EndGlobalSection
	GlobalSection(SolutionProperties) = preSolution
		HideSolutionNode = FALSE
	EndGlobalSection
	GlobalSection(NestedProjects) = preSolution
		{D1144621-C6A5-456B-9303-BEC80FE729D5} = {1532629B-1CE3-49EA-A327-6A9CBE258493}
		{18BCD1CA-F0A6-4611-B744-6449E73D522F} = {1532629B-1CE3-49EA-A327-6A9CBE258493}
		{847408FB-4AF5-495D-A599-F1650843F50D} = {1532629B-1CE3-49EA-A327-6A9CBE258493}
		{D685555F-2387-44AA-8EDA-53879FAC538F} = {1532629B-1CE3-49EA-A327-6A9CBE258493}
		{23120DFE-68E8-47C5-AE0F-5E2CFD195FC2} = {18BCD1CA-F0A6-4611-B744-6449E73D522F}
		{ED2179D7-E095-49E1-9FFA-10196E4AE4E9} = {18BCD1CA-F0A6-4611-B744-6449E73D522F}
		{D5332F4B-DBF3-486D-93FC-D55122F5D448} = {D1144621-C6A5-456B-9303-BEC80FE729D5}
		{BBD63D3F-D68C-46C5-810E-271EAA1EB56B} = {18BCD1CA-F0A6-4611-B744-6449E73D522F}
		{96F7B74E-4627-4CA6-921E-5033C321275B} = {18BCD1CA-F0A6-4611-B744-6449E73D522F}
		{B7CAAB98-7CCB-456B-B967-7174E9882348} = {18BCD1CA-F0A6-4611-B744-6449E73D522F}
	EndGlobalSection
	GlobalSection(ExtensibilityGlobals) = postSolution
		SolutionGuid = {AADF7ABB-8881-4B06-BB7A-F2F7529AEFBE}
	EndGlobalSection
EndGlobal
